
Microsoft Visual Studio Solution File, Format Version 12.00
# Visual Studio Version 17
VisualStudioVersion = 17.6.33801.468
MinimumVisualStudioVersion = 10.0.40219.1
Project("{FAE04EC0-301F-11D3-BF4B-00C04F79EFBC}") = "HelloWorld", "HelloWorld\HelloWorld.csproj", "{B4B24789-A379-41A3-AE4E-A1687D9845CF}"
EndProject
Project("{FAE04EC0-301F-11D3-BF4B-00C04F79EFBC}") = "ByteType", "ByteType\ByteType.csproj", "{249EA181-86E9-48E7-981F-DBEC5B006A32}"
EndProject
Project("{FAE04EC0-301F-11D3-BF4B-00C04F79EFBC}") = "ShortType", "ShortType\ShortType.csproj", "{C6B46CA8-7973-4192-B917-118E5DABF15D}"
EndProject
Project("{FAE04EC0-301F-11D3-BF4B-00C04F79EFBC}") = "Int", "Int\Int.csproj", "{A586B109-1656-4DD2-830F-F87028D0D8F2}"
EndProject
Project("{FAE04EC0-301F-11D3-BF4B-00C04F79EFBC}") = "LongType", "LongType\LongType.csproj", "{DA3201C8-177C-4D06-8D67-388ECB69E01A}"
EndProject
Project("{FAE04EC0-301F-11D3-BF4B-00C04F79EFBC}") = "FloatType", "FloatType\FloatType.csproj", "{1D8662A2-1368-426C-8FBB-0BC5BDFCCF08}"
EndProject
Project("{FAE04EC0-301F-11D3-BF4B-00C04F79EFBC}") = "IfElse", "IfElse\IfElse.csproj", "{CF7174AA-B50D-4DD4-B80A-38D8E5EFAF99}"
EndProject
Project("{FAE04EC0-301F-11D3-BF4B-00C04F79EFBC}") = "IfElseApply", "IfElseApply\IfElseApply.csproj", "{1D5F1BE0-01F3-4B3A-8A46-D371A1A2E942}"
EndProject
Project("{FAE04EC0-301F-11D3-BF4B-00C04F79EFBC}") = "IfElseMiniATM", "IfElseMiniATM\IfElseMiniATM.csproj", "{7A79CD45-D9D9-476D-BD0E-8954CD8942A2}"
EndProject
Project("{FAE04EC0-301F-11D3-BF4B-00C04F79EFBC}") = "IfElseBodyApp", "IfElseBodyApp\IfElseBodyApp.csproj", "{25633727-5538-4763-811E-987703223955}"
EndProject
Project("{FAE04EC0-301F-11D3-BF4B-00C04F79EFBC}") = "SwitchCase", "SwitchCase\SwitchCase.csproj", "{C4A7ADD0-27BE-403F-8A07-457CC1A1ECFD}"
EndProject
Project("{FAE04EC0-301F-11D3-BF4B-00C04F79EFBC}") = "Loops-FOR", "Loops-FOR\Loops-FOR.csproj", "{BBB29BFD-6BCC-4981-A4AD-E4ADA80F3427}"
EndProject
Project("{FAE04EC0-301F-11D3-BF4B-00C04F79EFBC}") = "Loops-Nested-FOR", "Loops-Nested-FOR\Loops-Nested-FOR.csproj", "{CD7C03D1-9B00-4F5C-B22F-7B63F147424D}"
EndProject
Project("{FAE04EC0-301F-11D3-BF4B-00C04F79EFBC}") = "LoginApp-Exercise", "LoginApp-Exercise\LoginApp-Exercise.csproj", "{74E1FFD3-4287-4163-8A5C-F2AB4C66FB1C}"
EndProject
Project("{FAE04EC0-301F-11D3-BF4B-00C04F79EFBC}") = "Example1", "Example1\Example1.csproj", "{A0EEF36B-3566-4A90-915A-9EA0AA27E48C}"
EndProject
Project("{FAE04EC0-301F-11D3-BF4B-00C04F79EFBC}") = "Example2", "Example2\Example2.csproj", "{A0AECB4D-A48F-4813-9E61-EB06E2A71D5B}"
EndProject
Project("{FAE04EC0-301F-11D3-BF4B-00C04F79EFBC}") = "Example3", "Example3\Example3.csproj", "{54F2FDF0-984C-4242-8D19-1CC999317B4F}"
EndProject
Project("{FAE04EC0-301F-11D3-BF4B-00C04F79EFBC}") = "Example4-StudentApp", "Example4-StudentApp\Example4-StudentApp.csproj", "{5C586FA4-E0B0-4C0E-A41C-11970EBD79A6}"
EndProject
Project("{FAE04EC0-301F-11D3-BF4B-00C04F79EFBC}") = "Encapsulation", "Encapsulation\Encapsulation.csproj", "{7B48A258-ACDD-427B-8E09-69D70897F2F0}"
EndProject
Project("{FAE04EC0-301F-11D3-BF4B-00C04F79EFBC}") = "Property", "Property\Property.csproj", "{1EC87FE8-8943-41C8-939A-6B650BEBF298}"
EndProject
Project("{FAE04EC0-301F-11D3-BF4B-00C04F79EFBC}") = "StaticMethod", "StaticMethod\StaticMethod.csproj", "{E0A4C795-339A-4340-815F-04A24DBA1DEB}"
EndProject
Project("{FAE04EC0-301F-11D3-BF4B-00C04F79EFBC}") = "ConsoleExamples1", "ConsoleExamples1\ConsoleExamples1.csproj", "{1EF26DF7-ACDC-477E-B3D5-09C8E70BED38}"
EndProject
Global
	GlobalSection(SolutionConfigurationPlatforms) = preSolution
		Debug|Any CPU = Debug|Any CPU
		Release|Any CPU = Release|Any CPU
	EndGlobalSection
	GlobalSection(ProjectConfigurationPlatforms) = postSolution
		{B4B24789-A379-41A3-AE4E-A1687D9845CF}.Debug|Any CPU.ActiveCfg = Debug|Any CPU
		{B4B24789-A379-41A3-AE4E-A1687D9845CF}.Debug|Any CPU.Build.0 = Debug|Any CPU
		{B4B24789-A379-41A3-AE4E-A1687D9845CF}.Release|Any CPU.ActiveCfg = Release|Any CPU
		{B4B24789-A379-41A3-AE4E-A1687D9845CF}.Release|Any CPU.Build.0 = Release|Any CPU
		{249EA181-86E9-48E7-981F-DBEC5B006A32}.Debug|Any CPU.ActiveCfg = Debug|Any CPU
		{249EA181-86E9-48E7-981F-DBEC5B006A32}.Debug|Any CPU.Build.0 = Debug|Any CPU
		{249EA181-86E9-48E7-981F-DBEC5B006A32}.Release|Any CPU.ActiveCfg = Release|Any CPU
		{249EA181-86E9-48E7-981F-DBEC5B006A32}.Release|Any CPU.Build.0 = Release|Any CPU
		{C6B46CA8-7973-4192-B917-118E5DABF15D}.Debug|Any CPU.ActiveCfg = Debug|Any CPU
		{C6B46CA8-7973-4192-B917-118E5DABF15D}.Debug|Any CPU.Build.0 = Debug|Any CPU
		{C6B46CA8-7973-4192-B917-118E5DABF15D}.Release|Any CPU.ActiveCfg = Release|Any CPU
		{C6B46CA8-7973-4192-B917-118E5DABF15D}.Release|Any CPU.Build.0 = Release|Any CPU
		{A586B109-1656-4DD2-830F-F87028D0D8F2}.Debug|Any CPU.ActiveCfg = Debug|Any CPU
		{A586B109-1656-4DD2-830F-F87028D0D8F2}.Debug|Any CPU.Build.0 = Debug|Any CPU
		{A586B109-1656-4DD2-830F-F87028D0D8F2}.Release|Any CPU.ActiveCfg = Release|Any CPU
		{A586B109-1656-4DD2-830F-F87028D0D8F2}.Release|Any CPU.Build.0 = Release|Any CPU
		{DA3201C8-177C-4D06-8D67-388ECB69E01A}.Debug|Any CPU.ActiveCfg = Debug|Any CPU
		{DA3201C8-177C-4D06-8D67-388ECB69E01A}.Debug|Any CPU.Build.0 = Debug|Any CPU
		{DA3201C8-177C-4D06-8D67-388ECB69E01A}.Release|Any CPU.ActiveCfg = Release|Any CPU
		{DA3201C8-177C-4D06-8D67-388ECB69E01A}.Release|Any CPU.Build.0 = Release|Any CPU
		{1D8662A2-1368-426C-8FBB-0BC5BDFCCF08}.Debug|Any CPU.ActiveCfg = Debug|Any CPU
		{1D8662A2-1368-426C-8FBB-0BC5BDFCCF08}.Debug|Any CPU.Build.0 = Debug|Any CPU
		{1D8662A2-1368-426C-8FBB-0BC5BDFCCF08}.Release|Any CPU.ActiveCfg = Release|Any CPU
		{1D8662A2-1368-426C-8FBB-0BC5BDFCCF08}.Release|Any CPU.Build.0 = Release|Any CPU
		{CF7174AA-B50D-4DD4-B80A-38D8E5EFAF99}.Debug|Any CPU.ActiveCfg = Debug|Any CPU
		{CF7174AA-B50D-4DD4-B80A-38D8E5EFAF99}.Debug|Any CPU.Build.0 = Debug|Any CPU
		{CF7174AA-B50D-4DD4-B80A-38D8E5EFAF99}.Release|Any CPU.ActiveCfg = Release|Any CPU
		{CF7174AA-B50D-4DD4-B80A-38D8E5EFAF99}.Release|Any CPU.Build.0 = Release|Any CPU
		{1D5F1BE0-01F3-4B3A-8A46-D371A1A2E942}.Debug|Any CPU.ActiveCfg = Debug|Any CPU
		{1D5F1BE0-01F3-4B3A-8A46-D371A1A2E942}.Debug|Any CPU.Build.0 = Debug|Any CPU
		{1D5F1BE0-01F3-4B3A-8A46-D371A1A2E942}.Release|Any CPU.ActiveCfg = Release|Any CPU
		{1D5F1BE0-01F3-4B3A-8A46-D371A1A2E942}.Release|Any CPU.Build.0 = Release|Any CPU
		{7A79CD45-D9D9-476D-BD0E-8954CD8942A2}.Debug|Any CPU.ActiveCfg = Debug|Any CPU
		{7A79CD45-D9D9-476D-BD0E-8954CD8942A2}.Debug|Any CPU.Build.0 = Debug|Any CPU
		{7A79CD45-D9D9-476D-BD0E-8954CD8942A2}.Release|Any CPU.ActiveCfg = Release|Any CPU
		{7A79CD45-D9D9-476D-BD0E-8954CD8942A2}.Release|Any CPU.Build.0 = Release|Any CPU
		{25633727-5538-4763-811E-987703223955}.Debug|Any CPU.ActiveCfg = Debug|Any CPU
		{25633727-5538-4763-811E-987703223955}.Debug|Any CPU.Build.0 = Debug|Any CPU
		{25633727-5538-4763-811E-987703223955}.Release|Any CPU.ActiveCfg = Release|Any CPU
		{25633727-5538-4763-811E-987703223955}.Release|Any CPU.Build.0 = Release|Any CPU
		{C4A7ADD0-27BE-403F-8A07-457CC1A1ECFD}.Debug|Any CPU.ActiveCfg = Debug|Any CPU
		{C4A7ADD0-27BE-403F-8A07-457CC1A1ECFD}.Debug|Any CPU.Build.0 = Debug|Any CPU
		{C4A7ADD0-27BE-403F-8A07-457CC1A1ECFD}.Release|Any CPU.ActiveCfg = Release|Any CPU
		{C4A7ADD0-27BE-403F-8A07-457CC1A1ECFD}.Release|Any CPU.Build.0 = Release|Any CPU
		{BBB29BFD-6BCC-4981-A4AD-E4ADA80F3427}.Debug|Any CPU.ActiveCfg = Debug|Any CPU
		{BBB29BFD-6BCC-4981-A4AD-E4ADA80F3427}.Debug|Any CPU.Build.0 = Debug|Any CPU
		{BBB29BFD-6BCC-4981-A4AD-E4ADA80F3427}.Release|Any CPU.ActiveCfg = Release|Any CPU
		{BBB29BFD-6BCC-4981-A4AD-E4ADA80F3427}.Release|Any CPU.Build.0 = Release|Any CPU
		{CD7C03D1-9B00-4F5C-B22F-7B63F147424D}.Debug|Any CPU.ActiveCfg = Debug|Any CPU
		{CD7C03D1-9B00-4F5C-B22F-7B63F147424D}.Debug|Any CPU.Build.0 = Debug|Any CPU
		{CD7C03D1-9B00-4F5C-B22F-7B63F147424D}.Release|Any CPU.ActiveCfg = Release|Any CPU
		{CD7C03D1-9B00-4F5C-B22F-7B63F147424D}.Release|Any CPU.Build.0 = Release|Any CPU
		{74E1FFD3-4287-4163-8A5C-F2AB4C66FB1C}.Debug|Any CPU.ActiveCfg = Debug|Any CPU
		{74E1FFD3-4287-4163-8A5C-F2AB4C66FB1C}.Debug|Any CPU.Build.0 = Debug|Any CPU
		{74E1FFD3-4287-4163-8A5C-F2AB4C66FB1C}.Release|Any CPU.ActiveCfg = Release|Any CPU
		{74E1FFD3-4287-4163-8A5C-F2AB4C66FB1C}.Release|Any CPU.Build.0 = Release|Any CPU
		{A0EEF36B-3566-4A90-915A-9EA0AA27E48C}.Debug|Any CPU.ActiveCfg = Debug|Any CPU
		{A0EEF36B-3566-4A90-915A-9EA0AA27E48C}.Debug|Any CPU.Build.0 = Debug|Any CPU
		{A0EEF36B-3566-4A90-915A-9EA0AA27E48C}.Release|Any CPU.ActiveCfg = Release|Any CPU
		{A0EEF36B-3566-4A90-915A-9EA0AA27E48C}.Release|Any CPU.Build.0 = Release|Any CPU
		{A0AECB4D-A48F-4813-9E61-EB06E2A71D5B}.Debug|Any CPU.ActiveCfg = Debug|Any CPU
		{A0AECB4D-A48F-4813-9E61-EB06E2A71D5B}.Debug|Any CPU.Build.0 = Debug|Any CPU
		{A0AECB4D-A48F-4813-9E61-EB06E2A71D5B}.Release|Any CPU.ActiveCfg = Release|Any CPU
		{A0AECB4D-A48F-4813-9E61-EB06E2A71D5B}.Release|Any CPU.Build.0 = Release|Any CPU
		{54F2FDF0-984C-4242-8D19-1CC999317B4F}.Debug|Any CPU.ActiveCfg = Debug|Any CPU
		{54F2FDF0-984C-4242-8D19-1CC999317B4F}.Debug|Any CPU.Build.0 = Debug|Any CPU
		{54F2FDF0-984C-4242-8D19-1CC999317B4F}.Release|Any CPU.ActiveCfg = Release|Any CPU
		{54F2FDF0-984C-4242-8D19-1CC999317B4F}.Release|Any CPU.Build.0 = Release|Any CPU
		{5C586FA4-E0B0-4C0E-A41C-11970EBD79A6}.Debug|Any CPU.ActiveCfg = Debug|Any CPU
		{5C586FA4-E0B0-4C0E-A41C-11970EBD79A6}.Debug|Any CPU.Build.0 = Debug|Any CPU
		{5C586FA4-E0B0-4C0E-A41C-11970EBD79A6}.Release|Any CPU.ActiveCfg = Release|Any CPU
		{5C586FA4-E0B0-4C0E-A41C-11970EBD79A6}.Release|Any CPU.Build.0 = Release|Any CPU
		{7B48A258-ACDD-427B-8E09-69D70897F2F0}.Debug|Any CPU.ActiveCfg = Debug|Any CPU
		{7B48A258-ACDD-427B-8E09-69D70897F2F0}.Debug|Any CPU.Build.0 = Debug|Any CPU
		{7B48A258-ACDD-427B-8E09-69D70897F2F0}.Release|Any CPU.ActiveCfg = Release|Any CPU
		{7B48A258-ACDD-427B-8E09-69D70897F2F0}.Release|Any CPU.Build.0 = Release|Any CPU
		{1EC87FE8-8943-41C8-939A-6B650BEBF298}.Debug|Any CPU.ActiveCfg = Debug|Any CPU
		{1EC87FE8-8943-41C8-939A-6B650BEBF298}.Debug|Any CPU.Build.0 = Debug|Any CPU
		{1EC87FE8-8943-41C8-939A-6B650BEBF298}.Release|Any CPU.ActiveCfg = Release|Any CPU
		{1EC87FE8-8943-41C8-939A-6B650BEBF298}.Release|Any CPU.Build.0 = Release|Any CPU
		{E0A4C795-339A-4340-815F-04A24DBA1DEB}.Debug|Any CPU.ActiveCfg = Debug|Any CPU
		{E0A4C795-339A-4340-815F-04A24DBA1DEB}.Debug|Any CPU.Build.0 = Debug|Any CPU
		{E0A4C795-339A-4340-815F-04A24DBA1DEB}.Release|Any CPU.ActiveCfg = Release|Any CPU
		{E0A4C795-339A-4340-815F-04A24DBA1DEB}.Release|Any CPU.Build.0 = Release|Any CPU
		{1EF26DF7-ACDC-477E-B3D5-09C8E70BED38}.Debug|Any CPU.ActiveCfg = Debug|Any CPU
		{1EF26DF7-ACDC-477E-B3D5-09C8E70BED38}.Debug|Any CPU.Build.0 = Debug|Any CPU
		{1EF26DF7-ACDC-477E-B3D5-09C8E70BED38}.Release|Any CPU.ActiveCfg = Release|Any CPU
		{1EF26DF7-ACDC-477E-B3D5-09C8E70BED38}.Release|Any CPU.Build.0 = Release|Any CPU
	EndGlobalSection
	GlobalSection(SolutionProperties) = preSolution
		HideSolutionNode = FALSE
	EndGlobalSection
	GlobalSection(ExtensibilityGlobals) = postSolution
		SolutionGuid = {ADF4714B-F129-4E2E-92B9-F843D095294A}
	EndGlobalSection
EndGlobal
